Microsoft Visual Studio Solution File, Format Version 12.00
# Visual Studio Version 17
VisualStudioVersion = 17.5.2.0
MinimumVisualStudioVersion = 10.0.40219.1
Project("{FAE04EC0-301F-11D3-BF4B-00C04F79EFBC}") = "GroupChatConsole", "GroupChatConsole\GroupChatConsole.csproj", "{52159149-320B-3EC2-467C-F2F6E5F62CD7}"
EndProject
Global
	GlobalSection(SolutionConfigurationPlatforms) = preSolution
		Debug|Any CPU = Debug|Any CPU
		Release|Any CPU = Release|Any CPU
	EndGlobalSection
	GlobalSection(ProjectConfigurationPlatforms) = postSolution
		{52159149-320B-3EC2-467C-F2F6E5F62CD7}.Debug|Any CPU.ActiveCfg = Debug|Any CPU
		{52159149-320B-3EC2-467C-F2F6E5F62CD7}.Debug|Any CPU.Build.0 = Debug|Any CPU
		{52159149-320B-3EC2-467C-F2F6E5F62CD7}.Release|Any CPU.ActiveCfg = Release|Any CPU
		{52159149-320B-3EC2-467C-F2F6E5F62CD7}.Release|Any CPU.Build.0 = Release|Any CPU
	EndGlobalSection
	GlobalSection(SolutionProperties) = preSolution
		HideSolutionNode = FALSE
	EndGlobalSection
	GlobalSection(ExtensibilityGlobals) = postSolution
		SolutionGuid = {DA071B5E-8D8F-4D04-BE91-776CAAF481EC}
	EndGlobalSection
EndGlobal
